// !$*UTF8*$!
{
	archiveVersion = 1;
	classes = {
	};
	objectVersion = 46;
	objects = {

/* Begin PBXBuildFile section */
		265C196D1E89E876005281C8 /* AppDelegate.swift in Sources */ = {isa = PBXBuildFile; fileRef = 265C196C1E89E876005281C8 /* AppDelegate.swift */; };
		265C196F1E89E876005281C8 /* ViewController.swift in Sources */ = {isa = PBXBuildFile; fileRef = 265C196E1E89E876005281C8 /* ViewController.swift */; };
		265C19721E89E876005281C8 /* Main.storyboard in Resources */ = {isa = PBXBuildFile; fileRef = 265C19701E89E876005281C8 /* Main.storyboard */; };
		265C19771E89E876005281C8 /* Assets.xcassets in Resources */ = {isa = PBXBuildFile; fileRef = 265C19761E89E876005281C8 /* Assets.xcassets */; };
		265C197A1E89E876005281C8 /* LaunchScreen.storyboard in Resources */ = {isa = PBXBuildFile; fileRef = 265C19781E89E876005281C8 /* LaunchScreen.storyboard */; };
		265C19851E89E876005281C8 /* BookshelfTests.swift in Sources */ = {isa = PBXBuildFile; fileRef = 265C19841E89E876005281C8 /* BookshelfTests.swift */; };
		265C19951E89F200005281C8 /* DetailViewController.swift in Sources */ = {isa = PBXBuildFile; fileRef = 265C19941E89F200005281C8 /* DetailViewController.swift */; };
		265C19A41E8AB6E5005281C8 /* BookshelfDataStore.framework in Frameworks */ = {isa = PBXBuildFile; fileRef = 265C199B1E8AB6E5005281C8 /* BookshelfDataStore.framework */; };
		265C19AB1E8AB6E5005281C8 /* BookshelfDataStoreTests.swift in Sources */ = {isa = PBXBuildFile; fileRef = 265C19AA1E8AB6E5005281C8 /* BookshelfDataStoreTests.swift */; };
		265C19AD1E8AB6E5005281C8 /* BookshelfDataStore.h in Headers */ = {isa = PBXBuildFile; fileRef = 265C199D1E8AB6E5005281C8 /* BookshelfDataStore.h */; settings = {ATTRIBUTES = (Public, ); }; };
		265C19B01E8AB6E5005281C8 /* BookshelfDataStore.framework in Frameworks */ = {isa = PBXBuildFile; fileRef = 265C199B1E8AB6E5005281C8 /* BookshelfDataStore.framework */; };
		265C19B11E8AB6E5005281C8 /* BookshelfDataStore.framework in Embed Frameworks */ = {isa = PBXBuildFile; fileRef = 265C199B1E8AB6E5005281C8 /* BookshelfDataStore.framework */; settings = {ATTRIBUTES = (CodeSignOnCopy, RemoveHeadersOnCopy, ); }; };
		265C19BD1E8AB86A005281C8 /* Bookshelf.xcdatamodeld in Sources */ = {isa = PBXBuildFile; fileRef = 265C19B91E8AB86A005281C8 /* Bookshelf.xcdatamodeld */; };
		265C19BE1E8AB86A005281C8 /* BookStore.swift in Sources */ = {isa = PBXBuildFile; fileRef = 265C19BB1E8AB86A005281C8 /* BookStore.swift */; };
		265C19BF1E8AB86A005281C8 /* DataStoreManager.swift in Sources */ = {isa = PBXBuildFile; fileRef = 265C19BC1E8AB86A005281C8 /* DataStoreManager.swift */; };
/* End PBXBuildFile section */

/* Begin PBXContainerItemProxy section */
		265C19811E89E876005281C8 /* PBXContainerItemProxy */ = {
			isa = PBXContainerItemProxy;
			containerPortal = 265C19611E89E876005281C8 /* Project object */;
			proxyType = 1;
			remoteGlobalIDString = 265C19681E89E876005281C8;
			remoteInfo = Bookshelf;
		};
		265C19A51E8AB6E5005281C8 /* PBXContainerItemProxy */ = {
			isa = PBXContainerItemProxy;
			containerPortal = 265C19611E89E876005281C8 /* Project object */;
			proxyType = 1;
			remoteGlobalIDString = 265C199A1E8AB6E5005281C8;
			remoteInfo = BookshelfDataStore;
		};
		265C19A71E8AB6E5005281C8 /* PBXContainerItemProxy */ = {
			isa = PBXContainerItemProxy;
			containerPortal = 265C19611E89E876005281C8 /* Project object */;
			proxyType = 1;
			remoteGlobalIDString = 265C19681E89E876005281C8;
			remoteInfo = Bookshelf;
		};
		265C19AE1E8AB6E5005281C8 /* PBXContainerItemProxy */ = {
			isa = PBXContainerItemProxy;
			containerPortal = 265C19611E89E876005281C8 /* Project object */;
			proxyType = 1;
			remoteGlobalIDString = 265C199A1E8AB6E5005281C8;
			remoteInfo = BookshelfDataStore;
		};
/* End PBXContainerItemProxy section */

/* Begin PBXCopyFilesBuildPhase section */
		265C19B51E8AB6E5005281C8 /* Embed Frameworks */ = {
			isa = PBXCopyFilesBuildPhase;
			buildActionMask = 2147483647;
			dstPath = "";
			dstSubfolderSpec = 10;
			files = (
				265C19B11E8AB6E5005281C8 /* BookshelfDataStore.framework in Embed Frameworks */,
			);
			name = "Embed Frameworks";
			runOnlyForDeploymentPostprocessing = 0;
		};
/* End PBXCopyFilesBuildPhase section */

/* Begin PBXFileReference section */
		265C19691E89E876005281C8 /* Bookshelf.app */ = {isa = PBXFileReference; explicitFileType = wrapper.application; includeInIndex = 0; path = Bookshelf.app; sourceTree = BUILT_PRODUCTS_DIR; };
		265C196C1E89E876005281C8 /* AppDelegate.swift */ = {isa = PBXFileReference; lastKnownFileType = sourcecode.swift; path = AppDelegate.swift; sourceTree = "<group>"; };
		265C196E1E89E876005281C8 /* ViewController.swift */ = {isa = PBXFileReference; lastKnownFileType = sourcecode.swift; path = ViewController.swift; sourceTree = "<group>"; };
		265C19711E89E876005281C8 /* Base */ = {isa = PBXFileReference; lastKnownFileType = file.storyboard; name = Base; path = Base.lproj/Main.storyboard; sourceTree = "<group>"; };
		265C19761E89E876005281C8 /* Assets.xcassets */ = {isa = PBXFileReference; lastKnownFileType = folder.assetcatalog; path = Assets.xcassets; sourceTree = "<group>"; };
		265C19791E89E876005281C8 /* Base */ = {isa = PBXFileReference; lastKnownFileType = file.storyboard; name = Base; path = Base.lproj/LaunchScreen.storyboard; sourceTree = "<group>"; };
		265C197B1E89E876005281C8 /* Info.plist */ = {isa = PBXFileReference; lastKnownFileType = text.plist.xml; path = Info.plist; sourceTree = "<group>"; };
		265C19801E89E876005281C8 /* BookshelfTests.xctest */ = {isa = PBXFileReference; explicitFileType = wrapper.cfbundle; includeInIndex = 0; path = BookshelfTests.xctest; sourceTree = BUILT_PRODUCTS_DIR; };
		265C19841E89E876005281C8 /* BookshelfTests.swift */ = {isa = PBXFileReference; lastKnownFileType = sourcecode.swift; path = BookshelfTests.swift; sourceTree = "<group>"; };
		265C19861E89E876005281C8 /* Info.plist */ = {isa = PBXFileReference; lastKnownFileType = text.plist.xml; path = Info.plist; sourceTree = "<group>"; };
		265C19941E89F200005281C8 /* DetailViewController.swift */ = {isa = PBXFileReference; fileEncoding = 4; lastKnownFileType = sourcecode.swift; path = DetailViewController.swift; sourceTree = "<group>"; };
		265C199B1E8AB6E5005281C8 /* BookshelfDataStore.framework */ = {isa = PBXFileReference; explicitFileType = wrapper.framework; includeInIndex = 0; path = BookshelfDataStore.framework; sourceTree = BUILT_PRODUCTS_DIR; };
		265C199D1E8AB6E5005281C8 /* BookshelfDataStore.h */ = {isa = PBXFileReference; lastKnownFileType = sourcecode.c.h; path = BookshelfDataStore.h; sourceTree = "<group>"; };
		265C199E1E8AB6E5005281C8 /* Info.plist */ = {isa = PBXFileReference; lastKnownFileType = text.plist.xml; path = Info.plist; sourceTree = "<group>"; };
		265C19A31E8AB6E5005281C8 /* BookshelfDataStoreTests.xctest */ = {isa = PBXFileReference; explicitFileType = wrapper.cfbundle; includeInIndex = 0; path = BookshelfDataStoreTests.xctest; sourceTree = BUILT_PRODUCTS_DIR; };
		265C19AA1E8AB6E5005281C8 /* BookshelfDataStoreTests.swift */ = {isa = PBXFileReference; lastKnownFileType = sourcecode.swift; path = BookshelfDataStoreTests.swift; sourceTree = "<group>"; };
		265C19AC1E8AB6E5005281C8 /* Info.plist */ = {isa = PBXFileReference; lastKnownFileType = text.plist.xml; path = Info.plist; sourceTree = "<group>"; };
		265C19BA1E8AB86A005281C8 /* Bookshelf.xcdatamodel */ = {isa = PBXFileReference; lastKnownFileType = wrapper.xcdatamodel; path = Bookshelf.xcdatamodel; sourceTree = "<group>"; };
		265C19BB1E8AB86A005281C8 /* BookStore.swift */ = {isa = PBXFileReference; fileEncoding = 4; lastKnownFileType = sourcecode.swift; path = BookStore.swift; sourceTree = "<group>"; };
		265C19BC1E8AB86A005281C8 /* DataStoreManager.swift */ = {isa = PBXFileReference; fileEncoding = 4; lastKnownFileType = sourcecode.swift; path = DataStoreManager.swift; sourceTree = "<group>"; };
/* End PBXFileReference section */

/* Begin PBXFrameworksBuildPhase section */
		265C19661E89E876005281C8 /* Frameworks */ = {
			isa = PBXFrameworksBuildPhase;
			buildActionMask = 2147483647;
			files = (
				265C19B01E8AB6E5005281C8 /* BookshelfDataStore.framework in Frameworks */,
			);
			runOnlyForDeploymentPostprocessing = 0;
		};
		265C197D1E89E876005281C8 /* Frameworks */ = {
			isa = PBXFrameworksBuildPhase;
			buildActionMask = 2147483647;
			files = (
			);
			runOnlyForDeploymentPostprocessing = 0;
		};
		265C19971E8AB6E5005281C8 /* Frameworks */ = {
			isa = PBXFrameworksBuildPhase;
			buildActionMask = 2147483647;
			files = (
			);
			runOnlyForDeploymentPostprocessing = 0;
		};
		265C19A01E8AB6E5005281C8 /* Frameworks */ = {
			isa = PBXFrameworksBuildPhase;
			buildActionMask = 2147483647;
			files = (
				265C19A41E8AB6E5005281C8 /* BookshelfDataStore.framework in Frameworks */,
			);
			runOnlyForDeploymentPostprocessing = 0;
		};
/* End PBXFrameworksBuildPhase section */

/* Begin PBXGroup section */
		265C19601E89E876005281C8 = {
			isa = PBXGroup;
			children = (
				265C196B1E89E876005281C8 /* Bookshelf */,
				265C199C1E8AB6E5005281C8 /* BookshelfDataStore */,
				265C19831E89E876005281C8 /* BookshelfTests */,
				265C19A91E8AB6E5005281C8 /* BookshelfDataStoreTests */,
				265C196A1E89E876005281C8 /* Products */,
			);
			sourceTree = "<group>";
		};
		265C196A1E89E876005281C8 /* Products */ = {
			isa = PBXGroup;
			children = (
				265C19691E89E876005281C8 /* Bookshelf.app */,
				265C19801E89E876005281C8 /* BookshelfTests.xctest */,
				265C199B1E8AB6E5005281C8 /* BookshelfDataStore.framework */,
				265C19A31E8AB6E5005281C8 /* BookshelfDataStoreTests.xctest */,
			);
			name = Products;
			sourceTree = "<group>";
		};
		265C196B1E89E876005281C8 /* Bookshelf */ = {
			isa = PBXGroup;
			children = (
				265C196C1E89E876005281C8 /* AppDelegate.swift */,
				265C196E1E89E876005281C8 /* ViewController.swift */,
				265C19941E89F200005281C8 /* DetailViewController.swift */,
				265C19701E89E876005281C8 /* Main.storyboard */,
				265C19761E89E876005281C8 /* Assets.xcassets */,
				265C19781E89E876005281C8 /* LaunchScreen.storyboard */,
				265C197B1E89E876005281C8 /* Info.plist */,
			);
			path = Bookshelf;
			sourceTree = "<group>";
		};
		265C19831E89E876005281C8 /* BookshelfTests */ = {
			isa = PBXGroup;
			children = (
				265C19841E89E876005281C8 /* BookshelfTests.swift */,
				265C19861E89E876005281C8 /* Info.plist */,
			);
			path = BookshelfTests;
			sourceTree = "<group>";
		};
		265C199C1E8AB6E5005281C8 /* BookshelfDataStore */ = {
			isa = PBXGroup;
			children = (
				265C199D1E8AB6E5005281C8 /* BookshelfDataStore.h */,
				265C199E1E8AB6E5005281C8 /* Info.plist */,
				265C19B91E8AB86A005281C8 /* Bookshelf.xcdatamodeld */,
				265C19BB1E8AB86A005281C8 /* BookStore.swift */,
				265C19BC1E8AB86A005281C8 /* DataStoreManager.swift */,
			);
			path = BookshelfDataStore;
			sourceTree = "<group>";
		};
		265C19A91E8AB6E5005281C8 /* BookshelfDataStoreTests */ = {
			isa = PBXGroup;
			children = (
				265C19AA1E8AB6E5005281C8 /* BookshelfDataStoreTests.swift */,
				265C19AC1E8AB6E5005281C8 /* Info.plist */,
			);
			path = BookshelfDataStoreTests;
			sourceTree = "<group>";
		};
/* End PBXGroup section */

/* Begin PBXHeadersBuildPhase section */
		265C19981E8AB6E5005281C8 /* Headers */ = {
			isa = PBXHeadersBuildPhase;
			buildActionMask = 2147483647;
			files = (
				265C19AD1E8AB6E5005281C8 /* BookshelfDataStore.h in Headers */,
			);
			runOnlyForDeploymentPostprocessing = 0;
		};
/* End PBXHeadersBuildPhase section */

/* Begin PBXNativeTarget section */
		265C19681E89E876005281C8 /* Bookshelf */ = {
			isa = PBXNativeTarget;
			buildConfigurationList = 265C19891E89E876005281C8 /* Build configuration list for PBXNativeTarget "Bookshelf" */;
			buildPhases = (
				265C19651E89E876005281C8 /* Sources */,
				265C19661E89E876005281C8 /* Frameworks */,
				265C19671E89E876005281C8 /* Resources */,
				265C19B51E8AB6E5005281C8 /* Embed Frameworks */,
			);
			buildRules = (
			);
			dependencies = (
				265C19AF1E8AB6E5005281C8 /* PBXTargetDependency */,
			);
			name = Bookshelf;
			productName = Bookshelf;
			productReference = 265C19691E89E876005281C8 /* Bookshelf.app */;
			productType = "com.apple.product-type.application";
		};
		265C197F1E89E876005281C8 /* BookshelfTests */ = {
			isa = PBXNativeTarget;
			buildConfigurationList = 265C198C1E89E876005281C8 /* Build configuration list for PBXNativeTarget "BookshelfTests" */;
			buildPhases = (
				265C197C1E89E876005281C8 /* Sources */,
				265C197D1E89E876005281C8 /* Frameworks */,
				265C197E1E89E876005281C8 /* Resources */,
			);
			buildRules = (
			);
			dependencies = (
				265C19821E89E876005281C8 /* PBXTargetDependency */,
			);
			name = BookshelfTests;
			productName = BookshelfTests;
			productReference = 265C19801E89E876005281C8 /* BookshelfTests.xctest */;
			productType = "com.apple.product-type.bundle.unit-test";
		};
		265C199A1E8AB6E5005281C8 /* BookshelfDataStore */ = {
			isa = PBXNativeTarget;
			buildConfigurationList = 265C19B21E8AB6E5005281C8 /* Build configuration list for PBXNativeTarget "BookshelfDataStore" */;
			buildPhases = (
				265C19961E8AB6E5005281C8 /* Sources */,
				265C19971E8AB6E5005281C8 /* Frameworks */,
				265C19981E8AB6E5005281C8 /* Headers */,
				265C19991E8AB6E5005281C8 /* Resources */,
			);
			buildRules = (
			);
			dependencies = (
			);
			name = BookshelfDataStore;
			productName = BookshelfDataStore;
			productReference = 265C199B1E8AB6E5005281C8 /* BookshelfDataStore.framework */;
			productType = "com.apple.product-type.framework";
		};
		265C19A21E8AB6E5005281C8 /* BookshelfDataStoreTests */ = {
			isa = PBXNativeTarget;
			buildConfigurationList = 265C19B61E8AB6E5005281C8 /* Build configuration list for PBXNativeTarget "BookshelfDataStoreTests" */;
			buildPhases = (
				265C199F1E8AB6E5005281C8 /* Sources */,
				265C19A01E8AB6E5005281C8 /* Frameworks */,
				265C19A11E8AB6E5005281C8 /* Resources */,
			);
			buildRules = (
			);
			dependencies = (
				265C19A61E8AB6E5005281C8 /* PBXTargetDependency */,
				265C19A81E8AB6E5005281C8 /* PBXTargetDependency */,
			);
			name = BookshelfDataStoreTests;
			productName = BookshelfDataStoreTests;
			productReference = 265C19A31E8AB6E5005281C8 /* BookshelfDataStoreTests.xctest */;
			productType = "com.apple.product-type.bundle.unit-test";
		};
/* End PBXNativeTarget section */

/* Begin PBXProject section */
		265C19611E89E876005281C8 /* Project object */ = {
			isa = PBXProject;
			attributes = {
				LastSwiftUpdateCheck = 0830;
				LastUpgradeCheck = 0830;
				ORGANIZATIONNAME = "SmallSharpTools LLC";
				TargetAttributes = {
					265C19681E89E876005281C8 = {
						CreatedOnToolsVersion = 8.3;
						DevelopmentTeam = M3FCT79SM9;
						ProvisioningStyle = Automatic;
					};
					265C197F1E89E876005281C8 = {
						CreatedOnToolsVersion = 8.3;
						DevelopmentTeam = M3FCT79SM9;
						ProvisioningStyle = Automatic;
						TestTargetID = 265C19681E89E876005281C8;
					};
					265C199A1E8AB6E5005281C8 = {
						CreatedOnToolsVersion = 8.3;
						DevelopmentTeam = M3FCT79SM9;
						LastSwiftMigration = 0830;
						ProvisioningStyle = Automatic;
					};
					265C19A21E8AB6E5005281C8 = {
						CreatedOnToolsVersion = 8.3;
						DevelopmentTeam = M3FCT79SM9;
						ProvisioningStyle = Automatic;
						TestTargetID = 265C19681E89E876005281C8;
					};
				};
			};
			buildConfigurationList = 265C19641E89E876005281C8 /* Build configuration list for PBXProject "Bookshelf" */;
			compatibilityVersion = "Xcode 3.2";
			developmentRegion = English;
			hasScannedForEncodings = 0;
			knownRegions = (
				en,
				Base,
			);
			mainGroup = 265C19601E89E876005281C8;
			productRefGroup = 265C196A1E89E876005281C8 /* Products */;
			projectDirPath = "";
			projectRoot = "";
			targets = (
				265C19681E89E876005281C8 /* Bookshelf */,
				265C199A1E8AB6E5005281C8 /* BookshelfDataStore */,
				265C197F1E89E876005281C8 /* BookshelfTests */,
				265C19A21E8AB6E5005281C8 /* BookshelfDataStoreTests */,
			);
		};
/* End PBXProject section */

/* Begin PBXResourcesBuildPhase section */
		265C19671E89E876005281C8 /* Resources */ = {
			isa = PBXResourcesBuildPhase;
			buildActionMask = 2147483647;
			files = (
				265C197A1E89E876005281C8 /* LaunchScreen.storyboard in Resources */,
				265C19771E89E876005281C8 /* Assets.xcassets in Resources */,
				265C19721E89E876005281C8 /* Main.storyboard in Resources */,
			);
			runOnlyForDeploymentPostprocessing = 0;
		};
		265C197E1E89E876005281C8 /* Resources */ = {
			isa = PBXResourcesBuildPhase;
			buildActionMask = 2147483647;
			files = (
			);
			runOnlyForDeploymentPostprocessing = 0;
		};
		265C19991E8AB6E5005281C8 /* Resources */ = {
			isa = PBXResourcesBuildPhase;
			buildActionMask = 2147483647;
			files = (
			);
			runOnlyForDeploymentPostprocessing = 0;
		};
		265C19A11E8AB6E5005281C8 /* Resources */ = {
			isa = PBXResourcesBuildPhase;
			buildActionMask = 2147483647;
			files = (
			);
			runOnlyForDeploymentPostprocessing = 0;
		};
/* End PBXResourcesBuildPhase section */

/* Begin PBXSourcesBuildPhase section */
		265C19651E89E876005281C8 /* Sources */ = {
			isa = PBXSourcesBuildPhase;
			buildActionMask = 2147483647;
			files = (
				265C196F1E89E876005281C8 /* ViewController.swift in Sources */,
				265C196D1E89E876005281C8 /* AppDelegate.swift in Sources */,
				265C19951E89F200005281C8 /* DetailViewController.swift in Sources */,
			);
			runOnlyForDeploymentPostprocessing = 0;
		};
		265C197C1E89E876005281C8 /* Sources */ = {
			isa = PBXSourcesBuildPhase;
			buildActionMask = 2147483647;
			files = (
				265C19851E89E876005281C8 /* BookshelfTests.swift in Sources */,
			);
			runOnlyForDeploymentPostprocessing = 0;
		};
		265C19961E8AB6E5005281C8 /* Sources */ = {
			isa = PBXSourcesBuildPhase;
			buildActionMask = 2147483647;
			files = (
				265C19BE1E8AB86A005281C8 /* BookStore.swift in Sources */,
				265C19BD1E8AB86A005281C8 /* Bookshelf.xcdatamodeld in Sources */,
				265C19BF1E8AB86A005281C8 /* DataStoreManager.swift in Sources */,
			);
			runOnlyForDeploymentPostprocessing = 0;
		};
		265C199F1E8AB6E5005281C8 /* Sources */ = {
			isa = PBXSourcesBuildPhase;
			buildActionMask = 2147483647;
			files = (
				265C19AB1E8AB6E5005281C8 /* BookshelfDataStoreTests.swift in Sources */,
			);
			runOnlyForDeploymentPostprocessing = 0;
		};
/* End PBXSourcesBuildPhase section */

/* Begin PBXTargetDependency section */
		265C19821E89E876005281C8 /* PBXTargetDependency */ = {
			isa = PBXTargetDependency;
			target = 265C19681E89E876005281C8 /* Bookshelf */;
			targetProxy = 265C19811E89E876005281C8 /* PBXContainerItemProxy */;
		};
		265C19A61E8AB6E5005281C8 /* PBXTargetDependency */ = {
			isa = PBXTargetDependency;
			target = 265C199A1E8AB6E5005281C8 /* BookshelfDataStore */;
			targetProxy = 265C19A51E8AB6E5005281C8 /* PBXContainerItemProxy */;
		};
		265C19A81E8AB6E5005281C8 /* PBXTargetDependency */ = {
			isa = PBXTargetDependency;
			target = 265C19681E89E876005281C8 /* Bookshelf */;
			targetProxy = 265C19A71E8AB6E5005281C8 /* PBXContainerItemProxy */;
		};
		265C19AF1E8AB6E5005281C8 /* PBXTargetDependency */ = {
			isa = PBXTargetDependency;
			target = 265C199A1E8AB6E5005281C8 /* BookshelfDataStore */;
			targetProxy = 265C19AE1E8AB6E5005281C8 /* PBXContainerItemProxy */;
		};
/* End PBXTargetDependency section */

/* Begin PBXVariantGroup section */
		265C19701E89E876005281C8 /* Main.storyboard */ = {
			isa = PBXVariantGroup;
			children = (
				265C19711E89E876005281C8 /* Base */,
			);
			name = Main.storyboard;
			sourceTree = "<group>";
		};
		265C19781E89E876005281C8 /* LaunchScreen.storyboard */ = {
			isa = PBXVariantGroup;
			children = (
				265C19791E89E876005281C8 /* Base */,
			);
			name = LaunchScreen.storyboard;
			sourceTree = "<group>";
		};
/* End PBXVariantGroup section */

/* Begin XCBuildConfiguration section */
		265C19871E89E876005281C8 /* Debug */ = {
			isa = XCBuildConfiguration;
			buildSettings = {
				ALWAYS_SEARCH_USER_PATHS = NO;
				CLANG_ANALYZER_NONNULL = YES;
				CLANG_ANALYZER_NUMBER_OBJECT_CONVERSION = YES_AGGRESSIVE;
				CLANG_CXX_LANGUAGE_STANDARD = "gnu++0x";
				CLANG_CXX_LIBRARY = "libc++";
				CLANG_ENABLE_MODULES = YES;
				CLANG_ENABLE_OBJC_ARC = YES;
				CLANG_WARN_BOOL_CONVERSION = YES;
				CLANG_WARN_CONSTANT_CONVERSION = YES;
				CLANG_WARN_DIRECT_OBJC_ISA_USAGE = YES_ERROR;
				CLANG_WARN_DOCUMENTATION_COMMENTS = YES;
				CLANG_WARN_EMPTY_BODY = YES;
				CLANG_WARN_ENUM_CONVERSION = YES;
				CLANG_WARN_INFINITE_RECURSION = YES;
				CLANG_WARN_INT_CONVERSION = YES;
				CLANG_WARN_OBJC_ROOT_CLASS = YES_ERROR;
				CLANG_WARN_SUSPICIOUS_MOVE = YES;
				CLANG_WARN_UNREACHABLE_CODE = YES;
				CLANG_WARN__DUPLICATE_METHOD_MATCH = YES;
				"CODE_SIGN_IDENTITY[sdk=iphoneos*]" = "iPhone Developer";
				COPY_PHASE_STRIP = NO;
				DEBUG_INFORMATION_FORMAT = dwarf;
				ENABLE_STRICT_OBJC_MSGSEND = YES;
				ENABLE_TESTABILITY = YES;
				GCC_C_LANGUAGE_STANDARD = gnu99;
				GCC_DYNAMIC_NO_PIC = NO;
				GCC_NO_COMMON_BLOCKS = YES;
				GCC_OPTIMIZATION_LEVEL = 0;
				GCC_PREPROCESSOR_DEFINITIONS = (
					"DEBUG=1",
					"$(inherited)",
				);
				GCC_WARN_64_TO_32_BIT_CONVERSION = YES;
				GCC_WARN_ABOUT_RETURN_TYPE = YES_ERROR;
				GCC_WARN_UNDECLARED_SELECTOR = YES;
				GCC_WARN_UNINITIALIZED_AUTOS = YES_AGGRESSIVE;
				GCC_WARN_UNUSED_FUNCTION = YES;
				GCC_WARN_UNUSED_VARIABLE = YES;
				IPHONEOS_DEPLOYMENT_TARGET = 10.3;
				MTL_ENABLE_DEBUG_INFO = YES;
				ONLY_ACTIVE_ARCH = YES;
				SDKROOT = iphoneos;
				SWIFT_ACTIVE_COMPILATION_CONDITIONS = DEBUG;
				SWIFT_OPTIMIZATION_LEVEL = "-Onone";
				TARGETED_DEVICE_FAMILY = "1,2";
			};
			name = Debug;
		};
		265C19881E89E876005281C8 /* Release */ = {
			isa = XCBuildConfiguration;
			buildSettings = {
				ALWAYS_SEARCH_USER_PATHS = NO;
				CLANG_ANALYZER_NONNULL = YES;
				CLANG_ANALYZER_NUMBER_OBJECT_CONVERSION = YES_AGGRESSIVE;
				CLANG_CXX_LANGUAGE_STANDARD = "gnu++0x";
				CLANG_CXX_LIBRARY = "libc++";
				CLANG_ENABLE_MODULES = YES;
				CLANG_ENABLE_OBJC_ARC = YES;
				CLANG_WARN_BOOL_CONVERSION = YES;
				CLANG_WARN_CONSTANT_CONVERSION = YES;
				CLANG_WARN_DIRECT_OBJC_ISA_USAGE = YES_ERROR;
				CLANG_WARN_DOCUMENTATION_COMMENTS = YES;
				CLANG_WARN_EMPTY_BODY = YES;
				CLANG_WARN_ENUM_CONVERSION = YES;
				CLANG_WARN_INFINITE_RECURSION = YES;
				CLANG_WARN_INT_CONVERSION = YES;
				CLANG_WARN_OBJC_ROOT_CLASS = YES_ERROR;
				CLANG_WARN_SUSPICIOUS_MOVE = YES;
				CLANG_WARN_UNREACHABLE_CODE = YES;
				CLANG_WARN__DUPLICATE_METHOD_MATCH = YES;
				"CODE_SIGN_IDENTITY[sdk=iphoneos*]" = "iPhone Developer";
				COPY_PHASE_STRIP = NO;
				DEBUG_INFORMATION_FORMAT = "dwarf-with-dsym";
				ENABLE_NS_ASSERTIONS = NO;
				ENABLE_STRICT_OBJC_MSGSEND = YES;
				GCC_C_LANGUAGE_STANDARD = gnu99;
				GCC_NO_COMMON_BLOCKS = YES;
				GCC_WARN_64_TO_32_BIT_CONVERSION = YES;
				GCC_WARN_ABOUT_RETURN_TYPE = YES_ERROR;
				GCC_WARN_UNDECLARED_SELECTOR = YES;
				GCC_WARN_UNINITIALIZED_AUTOS = YES_AGGRESSIVE;
				GCC_WARN_UNUSED_FUNCTION = YES;
				GCC_WARN_UNUSED_VARIABLE = YES;
				IPHONEOS_DEPLOYMENT_TARGET = 10.3;
				MTL_ENABLE_DEBUG_INFO = NO;
				SDKROOT = iphoneos;
				SWIFT_OPTIMIZATION_LEVEL = "-Owholemodule";
				TARGETED_DEVICE_FAMILY = "1,2";
				VALIDATE_PRODUCT = YES;
			};
			name = Release;
		};
		265C198A1E89E876005281C8 /* Debug */ = {
			isa = XCBuildConfiguration;
			buildSettings = {
				ALWAYS_EMBED_SWIFT_STANDARD_LIBRARIES = YES;
				ASSETCATALOG_COMPILER_APPICON_NAME = AppIcon;
				DEVELOPMENT_TEAM = M3FCT79SM9;
				INFOPLIST_FILE = Bookshelf/Info.plist;
				LD_RUNPATH_SEARCH_PATHS = "$(inherited) @executable_path/Frameworks";
				PRODUCT_BUNDLE_IDENTIFIER = com.smallsharptools.Bookshelf;
				PRODUCT_NAME = "$(TARGET_NAME)";
				SWIFT_VERSION = 3.0;
			};
			name = Debug;
		};
		265C198B1E89E876005281C8 /* Release */ = {
			isa = XCBuildConfiguration;
			buildSettings = {
				ALWAYS_EMBED_SWIFT_STANDARD_LIBRARIES = YES;
				ASSETCATALOG_COMPILER_APPICON_NAME = AppIcon;
				DEVELOPMENT_TEAM = M3FCT79SM9;
				INFOPLIST_FILE = Bookshelf/Info.plist;
				LD_RUNPATH_SEARCH_PATHS = "$(inherited) @executable_path/Frameworks";
				PRODUCT_BUNDLE_IDENTIFIER = com.smallsharptools.Bookshelf;
				PRODUCT_NAME = "$(TARGET_NAME)";
				SWIFT_VERSION = 3.0;
			};
			name = Release;
		};
		265C198D1E89E876005281C8 /* Debug */ = {
			isa = XCBuildConfiguration;
			buildSettings = {
				ALWAYS_EMBED_SWIFT_STANDARD_LIBRARIES = YES;
				BUNDLE_LOADER = "$(TEST_HOST)";
				DEVELOPMENT_TEAM = M3FCT79SM9;
				INFOPLIST_FILE = BookshelfTests/Info.plist;
				LD_RUNPATH_SEARCH_PATHS = "$(inherited) @executable_path/Frameworks @loader_path/Frameworks";
				PRODUCT_BUNDLE_IDENTIFIER = com.smallsharptools.BookshelfTests;
				PRODUCT_NAME = "$(TARGET_NAME)";
				SWIFT_VERSION = 3.0;
				TEST_HOST = "$(BUILT_PRODUCTS_DIR)/Bookshelf.app/Bookshelf";
			};
			name = Debug;
		};
		265C198E1E89E876005281C8 /* Release */ = {
			isa = XCBuildConfiguration;
			buildSettings = {
				ALWAYS_EMBED_SWIFT_STANDARD_LIBRARIES = YES;
				BUNDLE_LOADER = "$(TEST_HOST)";
				DEVELOPMENT_TEAM = M3FCT79SM9;
				INFOPLIST_FILE = BookshelfTests/Info.plist;
				LD_RUNPATH_SEARCH_PATHS = "$(inherited) @executable_path/Frameworks @loader_path/Frameworks";
				PRODUCT_BUNDLE_IDENTIFIER = com.smallsharptools.BookshelfTests;
				PRODUCT_NAME = "$(TARGET_NAME)";
				SWIFT_VERSION = 3.0;
				TEST_HOST = "$(BUILT_PRODUCTS_DIR)/Bookshelf.app/Bookshelf";
			};
			name = Release;
		};
		265C19B31E8AB6E5005281C8 /* Debug */ = {
			isa = XCBuildConfiguration;
			buildSettings = {
				CLANG_ENABLE_MODULES = YES;
				CODE_SIGN_IDENTITY = "";
				CURRENT_PROJECT_VERSION = 1;
				DEFINES_MODULE = YES;
				DEVELOPMENT_TEAM = M3FCT79SM9;
				DYLIB_COMPATIBILITY_VERSION = 1;
				DYLIB_CURRENT_VERSION = 1;
				DYLIB_INSTALL_NAME_BASE = "@rpath";
				INFOPLIST_FILE = BookshelfDataStore/Info.plist;
				INSTALL_PATH = "$(LOCAL_LIBRARY_DIR)/Frameworks";
				LD_RUNPATH_SEARCH_PATHS = "$(inherited) @executable_path/Frameworks @loader_path/Frameworks";
				PRODUCT_BUNDLE_IDENTIFIER = com.smallsharptools.BookshelfDataStore;
				PRODUCT_NAME = "$(TARGET_NAME)";
				SKIP_INSTALL = YES;
				SWIFT_OPTIMIZATION_LEVEL = "-Onone";
				SWIFT_VERSION = 3.0;
				VERSIONING_SYSTEM = "apple-generic";
				VERSION_INFO_PREFIX = "";
			};
			name = Debug;
		};
		265C19B41E8AB6E5005281C8 /* Release */ = {
			isa = XCBuildConfiguration;
			buildSettings = {
				CLANG_ENABLE_MODULES = YES;
				CODE_SIGN_IDENTITY = "";
				CURRENT_PROJECT_VERSION = 1;
				DEFINES_MODULE = YES;
				DEVELOPMENT_TEAM = M3FCT79SM9;
				DYLIB_COMPATIBILITY_VERSION = 1;
				DYLIB_CURRENT_VERSION = 1;
				DYLIB_INSTALL_NAME_BASE = "@rpath";
				INFOPLIST_FILE = BookshelfDataStore/Info.plist;
				INSTALL_PATH = "$(LOCAL_LIBRARY_DIR)/Frameworks";
				LD_RUNPATH_SEARCH_PATHS = "$(inherited) @executable_path/Frameworks @loader_path/Frameworks";
				PRODUCT_BUNDLE_IDENTIFIER = com.smallsharptools.BookshelfDataStore;
				PRODUCT_NAME = "$(TARGET_NAME)";
				SKIP_INSTALL = YES;
				SWIFT_VERSION = 3.0;
				VERSIONING_SYSTEM = "apple-generic";
				VERSION_INFO_PREFIX = "";
			};
			name = Release;
		};
		265C19B71E8AB6E5005281C8 /* Debug */ = {
			isa = XCBuildConfiguration;
			buildSettings = {
				ALWAYS_EMBED_SWIFT_STANDARD_LIBRARIES = YES;
				DEVELOPMENT_TEAM = M3FCT79SM9;
				INFOPLIST_FILE = BookshelfDataStoreTests/Info.plist;
				LD_RUNPATH_SEARCH_PATHS = "$(inherited) @executable_path/Frameworks @loader_path/Frameworks";
				PRODUCT_BUNDLE_IDENTIFIER = com.smallsharptools.BookshelfDataStoreTests;
				PRODUCT_NAME = "$(TARGET_NAME)";
				SWIFT_VERSION = 3.0;
				TEST_HOST = "$(BUILT_PRODUCTS_DIR)/Bookshelf.app/Bookshelf";
			};
			name = Debug;
		};
		265C19B81E8AB6E5005281C8 /* Release */ = {
			isa = XCBuildConfiguration;
			buildSettings = {
				ALWAYS_EMBED_SWIFT_STANDARD_LIBRARIES = YES;
				DEVELOPMENT_TEAM = M3FCT79SM9;
				INFOPLIST_FILE = BookshelfDataStoreTests/Info.plist;
				LD_RUNPATH_SEARCH_PATHS = "$(inherited) @executable_path/Frameworks @loader_path/Frameworks";
				PRODUCT_BUNDLE_IDENTIFIER = com.smallsharptools.BookshelfDataStoreTests;
				PRODUCT_NAME = "$(TARGET_NAME)";
				SWIFT_VERSION = 3.0;
				TEST_HOST = "$(BUILT_PRODUCTS_DIR)/Bookshelf.app/Bookshelf";
			};
			name = Release;
		};
/* End XCBuildConfiguration section */

/* Begin XCConfigurationList section */
		265C19641E89E876005281C8 /* Build configuration list for PBXProject "Bookshelf" */ = {
			isa = XCConfigurationList;
			buildConfigurations = (
				265C19871E89E876005281C8 /* Debug */,
				265C19881E89E876005281C8 /* Release */,
			);
			defaultConfigurationIsVisible = 0;
			defaultConfigurationName = Release;
		};
		265C19891E89E876005281C8 /* Build configuration list for PBXNativeTarget "Bookshelf" */ = {
			isa = XCConfigurationList;
			buildConfigurations = (
				265C198A1E89E876005281C8 /* Debug */,
				265C198B1E89E876005281C8 /* Release */,
			);
			defaultConfigurationIsVisible = 0;
		};
		265C198C1E89E876005281C8 /* Build configuration list for PBXNativeTarget "BookshelfTests" */ = {
			isa = XCConfigurationList;
			buildConfigurations = (
				265C198D1E89E876005281C8 /* Debug */,
				265C198E1E89E876005281C8 /* Release */,
			);
			defaultConfigurationIsVisible = 0;
		};
		265C19B21E8AB6E5005281C8 /* Build configuration list for PBXNativeTarget "BookshelfDataStore" */ = {
			isa = XCConfigurationList;
			buildConfigurations = (
				265C19B31E8AB6E5005281C8 /* Debug */,
				265C19B41E8AB6E5005281C8 /* Release */,
			);
			defaultConfigurationIsVisible = 0;
		};
		265C19B61E8AB6E5005281C8 /* Build configuration list for PBXNativeTarget "BookshelfDataStoreTests" */ = {
			isa = XCConfigurationList;
			buildConfigurations = (
				265C19B71E8AB6E5005281C8 /* Debug */,
				265C19B81E8AB6E5005281C8 /* Release */,
			);
			defaultConfigurationIsVisible = 0;
		};
/* End XCConfigurationList section */

/* Begin XCVersionGroup section */
		265C19B91E8AB86A005281C8 /* Bookshelf.xcdatamodeld */ = {
			isa = XCVersionGroup;
			children = (
				265C19BA1E8AB86A005281C8 /* Bookshelf.xcdatamodel */,
			);
			currentVersion = 265C19BA1E8AB86A005281C8 /* Bookshelf.xcdatamodel */;
			path = Bookshelf.xcdatamodeld;
			sourceTree = "<group>";
			versionGroupType = wrapper.xcdatamodel;
		};
/* End XCVersionGroup section */
	};
	rootObject = 265C19611E89E876005281C8 /* Project object */;
}
